
Microsoft Visual Studio Solution File, Format Version 12.00
# Visual Studio Version 17
VisualStudioVersion = 17.2.32516.85
MinimumVisualStudioVersion = 10.0.40219.1
Project("{FAE04EC0-301F-11D3-BF4B-00C04F79EFBC}") = "EX_PAGINA33", "EX_PAGINA33\EX_PAGINA33.csproj", "{C56AC872-B896-4791-95C1-D5221479822C}"
EndProject
Global
	GlobalSection(SolutionConfigurationPlatforms) = preSolution
		Debug|Any CPU = Debug|Any CPU
		Release|Any CPU = Release|Any CPU
	EndGlobalSection
	GlobalSection(ProjectConfigurationPlatforms) = postSolution
		{C56AC872-B896-4791-95C1-D5221479822C}.Debug|Any CPU.ActiveCfg = Debug|Any CPU
		{C56AC872-B896-4791-95C1-D5221479822C}.Debug|Any CPU.Build.0 = Debug|Any CPU
		{C56AC872-B896-4791-95C1-D5221479822C}.Release|Any CPU.ActiveCfg = Release|Any CPU
		{C56AC872-B896-4791-95C1-D5221479822C}.Release|Any CPU.Build.0 = Release|Any CPU
	EndGlobalSection
	GlobalSection(SolutionProperties) = preSolution
		HideSolutionNode = FALSE
	EndGlobalSection
	GlobalSection(ExtensibilityGlobals) = postSolution
		SolutionGuid = {BE865CBB-DF98-4932-AB71-93521F6FFD6B}
	EndGlobalSection
EndGlobal
