
Microsoft Visual Studio Solution File, Format Version 12.00
# Visual Studio Version 17
VisualStudioVersion = 17.2.32526.322
MinimumVisualStudioVersion = 10.0.40219.1
Project("{FAE04EC0-301F-11D3-BF4B-00C04F79EFBC}") = "EX3_PAG35", "EX3_PAG35\EX3_PAG35.csproj", "{D51DF194-10D0-4850-87FD-379DDA666EE1}"
EndProject
Global
	GlobalSection(SolutionConfigurationPlatforms) = preSolution
		Debug|Any CPU = Debug|Any CPU
		Release|Any CPU = Release|Any CPU
	EndGlobalSection
	GlobalSection(ProjectConfigurationPlatforms) = postSolution
		{D51DF194-10D0-4850-87FD-379DDA666EE1}.Debug|Any CPU.ActiveCfg = Debug|Any CPU
		{D51DF194-10D0-4850-87FD-379DDA666EE1}.Debug|Any CPU.Build.0 = Debug|Any CPU
		{D51DF194-10D0-4850-87FD-379DDA666EE1}.Release|Any CPU.ActiveCfg = Release|Any CPU
		{D51DF194-10D0-4850-87FD-379DDA666EE1}.Release|Any CPU.Build.0 = Release|Any CPU
	EndGlobalSection
	GlobalSection(SolutionProperties) = preSolution
		HideSolutionNode = FALSE
	EndGlobalSection
	GlobalSection(ExtensibilityGlobals) = postSolution
		SolutionGuid = {BB4ED308-7161-4509-841B-C7CB4EC9C825}
	EndGlobalSection
EndGlobal
