
Microsoft Visual Studio Solution File, Format Version 12.00
# Visual Studio Version 17
VisualStudioVersion = 17.0.32014.148
MinimumVisualStudioVersion = 10.0.40219.1
Project("{FAE04EC0-301F-11D3-BF4B-00C04F79EFBC}") = "EX03pag27", "EX03pag27\EX03pag27.csproj", "{69DDF1FD-5722-4476-BBA6-E868365E9687}"
EndProject
Global
	GlobalSection(SolutionConfigurationPlatforms) = preSolution
		Debug|Any CPU = Debug|Any CPU
		Release|Any CPU = Release|Any CPU
	EndGlobalSection
	GlobalSection(ProjectConfigurationPlatforms) = postSolution
		{69DDF1FD-5722-4476-BBA6-E868365E9687}.Debug|Any CPU.ActiveCfg = Debug|Any CPU
		{69DDF1FD-5722-4476-BBA6-E868365E9687}.Debug|Any CPU.Build.0 = Debug|Any CPU
		{69DDF1FD-5722-4476-BBA6-E868365E9687}.Release|Any CPU.ActiveCfg = Release|Any CPU
		{69DDF1FD-5722-4476-BBA6-E868365E9687}.Release|Any CPU.Build.0 = Release|Any CPU
	EndGlobalSection
	GlobalSection(SolutionProperties) = preSolution
		HideSolutionNode = FALSE
	EndGlobalSection
	GlobalSection(ExtensibilityGlobals) = postSolution
		SolutionGuid = {19EE98EF-02B6-4327-9D7E-9B12C232270F}
	EndGlobalSection
EndGlobal
