
Microsoft Visual Studio Solution File, Format Version 12.00
# Visual Studio Version 17
VisualStudioVersion = 17.2.32516.85
MinimumVisualStudioVersion = 10.0.40219.1
Project("{FAE04EC0-301F-11D3-BF4B-00C04F79EFBC}") = "EXPAG32", "EXPAG32\EXPAG32.csproj", "{0321876B-F91F-469B-AF93-7C2107CE2106}"
EndProject
Global
	GlobalSection(SolutionConfigurationPlatforms) = preSolution
		Debug|Any CPU = Debug|Any CPU
		Release|Any CPU = Release|Any CPU
	EndGlobalSection
	GlobalSection(ProjectConfigurationPlatforms) = postSolution
		{0321876B-F91F-469B-AF93-7C2107CE2106}.Debug|Any CPU.ActiveCfg = Debug|Any CPU
		{0321876B-F91F-469B-AF93-7C2107CE2106}.Debug|Any CPU.Build.0 = Debug|Any CPU
		{0321876B-F91F-469B-AF93-7C2107CE2106}.Release|Any CPU.ActiveCfg = Release|Any CPU
		{0321876B-F91F-469B-AF93-7C2107CE2106}.Release|Any CPU.Build.0 = Release|Any CPU
	EndGlobalSection
	GlobalSection(SolutionProperties) = preSolution
		HideSolutionNode = FALSE
	EndGlobalSection
	GlobalSection(ExtensibilityGlobals) = postSolution
		SolutionGuid = {939947D3-B76C-4435-B5DA-E8C50B17A55E}
	EndGlobalSection
EndGlobal
